
Microsoft Visual Studio Solution File, Format Version 12.00
# Visual Studio Version 17
VisualStudioVersion = 17.0.31903.59
MinimumVisualStudioVersion = 10.0.40219.1
Project("{FAE04EC0-301F-11D3-BF4B-00C04F79EFBC}") = "RealTimeChatApp.Server", "RealTimeChatApp.Server\RealTimeChatApp.Server.csproj", "{DD96C53E-0606-4F02-8884-A9E7F1765B29}"
EndProject
Project("{FAE04EC0-301F-11D3-BF4B-00C04F79EFBC}") = "RealTimeChatApp.Client", "RealTimeChatApp.Client\RealTimeChatApp.Client.csproj", "{92A53780-F3EE-4E8A-88E9-A94CAAADA234}"
EndProject
Project("{FAE04EC0-301F-11D3-BF4B-00C04F79EFBC}") = "RealTimeChatApp.Shared", "RealTimeChatApp.Shared\RealTimeChatApp.Shared.csproj", "{38C22E6D-4C92-41BB-B50A-705886F50C8F}"
EndProject
Global
	GlobalSection(SolutionConfigurationPlatforms) = preSolution
		Debug|Any CPU = Debug|Any CPU
		Debug|x64 = Debug|x64
		Debug|x86 = Debug|x86
		Release|Any CPU = Release|Any CPU
		Release|x64 = Release|x64
		Release|x86 = Release|x86
	EndGlobalSection
	GlobalSection(ProjectConfigurationPlatforms) = postSolution
		{DD96C53E-0606-4F02-8884-A9E7F1765B29}.Debug|Any CPU.ActiveCfg = Debug|Any CPU
		{DD96C53E-0606-4F02-8884-A9E7F1765B29}.Debug|Any CPU.Build.0 = Debug|Any CPU
		{DD96C53E-0606-4F02-8884-A9E7F1765B29}.Debug|x64.ActiveCfg = Debug|Any CPU
		{DD96C53E-0606-4F02-8884-A9E7F1765B29}.Debug|x64.Build.0 = Debug|Any CPU
		{DD96C53E-0606-4F02-8884-A9E7F1765B29}.Debug|x86.ActiveCfg = Debug|Any CPU
		{DD96C53E-0606-4F02-8884-A9E7F1765B29}.Debug|x86.Build.0 = Debug|Any CPU
		{DD96C53E-0606-4F02-8884-A9E7F1765B29}.Release|Any CPU.ActiveCfg = Release|Any CPU
		{DD96C53E-0606-4F02-8884-A9E7F1765B29}.Release|Any CPU.Build.0 = Release|Any CPU
		{DD96C53E-0606-4F02-8884-A9E7F1765B29}.Release|x64.ActiveCfg = Release|Any CPU
		{DD96C53E-0606-4F02-8884-A9E7F1765B29}.Release|x64.Build.0 = Release|Any CPU
		{DD96C53E-0606-4F02-8884-A9E7F1765B29}.Release|x86.ActiveCfg = Release|Any CPU
		{DD96C53E-0606-4F02-8884-A9E7F1765B29}.Release|x86.Build.0 = Release|Any CPU
		{92A53780-F3EE-4E8A-88E9-A94CAAADA234}.Debug|Any CPU.ActiveCfg = Debug|Any CPU
		{92A53780-F3EE-4E8A-88E9-A94CAAADA234}.Debug|Any CPU.Build.0 = Debug|Any CPU
		{92A53780-F3EE-4E8A-88E9-A94CAAADA234}.Debug|x64.ActiveCfg = Debug|Any CPU
		{92A53780-F3EE-4E8A-88E9-A94CAAADA234}.Debug|x64.Build.0 = Debug|Any CPU
		{92A53780-F3EE-4E8A-88E9-A94CAAADA234}.Debug|x86.ActiveCfg = Debug|Any CPU
		{92A53780-F3EE-4E8A-88E9-A94CAAADA234}.Debug|x86.Build.0 = Debug|Any CPU
		{92A53780-F3EE-4E8A-88E9-A94CAAADA234}.Release|Any CPU.ActiveCfg = Release|Any CPU
		{92A53780-F3EE-4E8A-88E9-A94CAAADA234}.Release|Any CPU.Build.0 = Release|Any CPU
		{92A53780-F3EE-4E8A-88E9-A94CAAADA234}.Release|x64.ActiveCfg = Release|Any CPU
		{92A53780-F3EE-4E8A-88E9-A94CAAADA234}.Release|x64.Build.0 = Release|Any CPU
		{92A53780-F3EE-4E8A-88E9-A94CAAADA234}.Release|x86.ActiveCfg = Release|Any CPU
		{92A53780-F3EE-4E8A-88E9-A94CAAADA234}.Release|x86.Build.0 = Release|Any CPU
		{38C22E6D-4C92-41BB-B50A-705886F50C8F}.Debug|Any CPU.ActiveCfg = Debug|Any CPU
		{38C22E6D-4C92-41BB-B50A-705886F50C8F}.Debug|Any CPU.Build.0 = Debug|Any CPU
		{38C22E6D-4C92-41BB-B50A-705886F50C8F}.Debug|x64.ActiveCfg = Debug|Any CPU
		{38C22E6D-4C92-41BB-B50A-705886F50C8F}.Debug|x64.Build.0 = Debug|Any CPU
		{38C22E6D-4C92-41BB-B50A-705886F50C8F}.Debug|x86.ActiveCfg = Debug|Any CPU
		{38C22E6D-4C92-41BB-B50A-705886F50C8F}.Debug|x86.Build.0 = Debug|Any CPU
		{38C22E6D-4C92-41BB-B50A-705886F50C8F}.Release|Any CPU.ActiveCfg = Release|Any CPU
		{38C22E6D-4C92-41BB-B50A-705886F50C8F}.Release|Any CPU.Build.0 = Release|Any CPU
		{38C22E6D-4C92-41BB-B50A-705886F50C8F}.Release|x64.ActiveCfg = Release|Any CPU
		{38C22E6D-4C92-41BB-B50A-705886F50C8F}.Release|x64.Build.0 = Release|Any CPU
		{38C22E6D-4C92-41BB-B50A-705886F50C8F}.Release|x86.ActiveCfg = Release|Any CPU
		{38C22E6D-4C92-41BB-B50A-705886F50C8F}.Release|x86.Build.0 = Release|Any CPU
	EndGlobalSection
	GlobalSection(SolutionProperties) = preSolution
		HideSolutionNode = FALSE
	EndGlobalSection
EndGlobal
